
Microsoft Visual Studio Solution File, Format Version 12.00
# Visual Studio Version 17
VisualStudioVersion = 17.9.34728.123
MinimumVisualStudioVersion = 10.0.40219.1
Project("{FAE04EC0-301F-11D3-BF4B-00C04F79EFBC}") = "Barcodegen", "Barcodegen.csproj", "{CE7F590E-060E-4A6A-8B2E-518597BB7CF5}"
EndProject
Global
	GlobalSection(SolutionConfigurationPlatforms) = preSolution
		Debug|Any CPU = Debug|Any CPU
		Release|Any CPU = Release|Any CPU
	EndGlobalSection
	GlobalSection(ProjectConfigurationPlatforms) = postSolution
		{CE7F590E-060E-4A6A-8B2E-518597BB7CF5}.Debug|Any CPU.ActiveCfg = Debug|Any CPU
		{CE7F590E-060E-4A6A-8B2E-518597BB7CF5}.Debug|Any CPU.Build.0 = Debug|Any CPU
		{CE7F590E-060E-4A6A-8B2E-518597BB7CF5}.Release|Any CPU.ActiveCfg = Release|Any CPU
		{CE7F590E-060E-4A6A-8B2E-518597BB7CF5}.Release|Any CPU.Build.0 = Release|Any CPU
	EndGlobalSection
	GlobalSection(SolutionProperties) = preSolution
		HideSolutionNode = FALSE
	EndGlobalSection
	GlobalSection(ExtensibilityGlobals) = postSolution
		SolutionGuid = {7B914108-2018-49FC-BDFC-5B85000438B1}
	EndGlobalSection
EndGlobal
